
Microsoft Visual Studio Solution File, Format Version 12.00
# Visual Studio 2017
Project("{FAE04EC0-301F-11D3-BF4B-00C04F79EFBC}") = "Alpha", "Alpha.csproj", "{885060FF-33EF-EAF9-2B5F-AE684F30E59E}"
EndProject
Project("{FAE04EC0-301F-11D3-BF4B-00C04F79EFBC}") = "Alpha.Editor", "Alpha.Editor.csproj", "{DC5EAFA7-BE37-59F7-AFA3-A50C77C74D01}"
EndProject
Global
	GlobalSection(SolutionConfigurationPlatforms) = preSolution
		Debug|Any CPU = Debug|Any CPU
		Release|Any CPU = Release|Any CPU
	EndGlobalSection
	GlobalSection(ProjectConfigurationPlatforms) = postSolution
		{885060FF-33EF-EAF9-2B5F-AE684F30E59E}.Debug|Any CPU.ActiveCfg = Debug|Any CPU
		{885060FF-33EF-EAF9-2B5F-AE684F30E59E}.Debug|Any CPU.Build.0 = Debug|Any CPU
		{885060FF-33EF-EAF9-2B5F-AE684F30E59E}.Release|Any CPU.ActiveCfg = Release|Any CPU
		{885060FF-33EF-EAF9-2B5F-AE684F30E59E}.Release|Any CPU.Build.0 = Release|Any CPU
		{DC5EAFA7-BE37-59F7-AFA3-A50C77C74D01}.Debug|Any CPU.ActiveCfg = Debug|Any CPU
		{DC5EAFA7-BE37-59F7-AFA3-A50C77C74D01}.Debug|Any CPU.Build.0 = Debug|Any CPU
		{DC5EAFA7-BE37-59F7-AFA3-A50C77C74D01}.Release|Any CPU.ActiveCfg = Release|Any CPU
		{DC5EAFA7-BE37-59F7-AFA3-A50C77C74D01}.Release|Any CPU.Build.0 = Release|Any CPU
	EndGlobalSection
	GlobalSection(SolutionProperties) = preSolution
		HideSolutionNode = FALSE
	EndGlobalSection
EndGlobal
